
Microsoft Visual Studio Solution File, Format Version 12.00
# Visual Studio 14
VisualStudioVersion = 14.0.25420.1
MinimumVisualStudioVersion = 10.0.40219.1
Project("{8BC9CEB8-8B4A-11D0-8D11-00A0C91BC942}") = "网易笔试第一题", "网易笔试第一题\网易笔试第一题.vcxproj", "{691D5FF9-6E5F-4682-B7F8-E5AD46D83F46}"
EndProject
Project("{8BC9CEB8-8B4A-11D0-8D11-00A0C91BC942}") = "阿里笔试UTF8解码", "阿里笔试UTF8解码\阿里笔试UTF8解码.vcxproj", "{7C0755B6-C6D7-448B-B52E-10F1A8EBFAD0}"
EndProject
Project("{8BC9CEB8-8B4A-11D0-8D11-00A0C91BC942}") = "阿里笔试二叉树路径", "阿里笔试二叉树路径\阿里笔试二叉树路径.vcxproj", "{519C8F89-AB99-4484-B4EF-BBBC205AA5E9}"
EndProject
Project("{8BC9CEB8-8B4A-11D0-8D11-00A0C91BC942}") = "网易笔试武器强化", "网易笔试武器强化\网易笔试武器强化.vcxproj", "{A490F3CF-378B-4E4B-BC83-6B0E4F2769D6}"
EndProject
Project("{8BC9CEB8-8B4A-11D0-8D11-00A0C91BC942}") = "真值表", "真值表\真值表.vcxproj", "{8426EFC4-6DF1-43BC-96AF-B612CC3A0430}"
EndProject
Project("{8BC9CEB8-8B4A-11D0-8D11-00A0C91BC942}") = "2016华为机试题目1", "2016华为机试题目\2016华为机试题目.vcxproj", "{F453890C-CB52-4399-AFC0-B0C8D8A87541}"
EndProject
Project("{8BC9CEB8-8B4A-11D0-8D11-00A0C91BC942}") = "2016华为机试题2", "2016华为机试题2\2016华为机试题2.vcxproj", "{3AE466F5-4CA6-445C-B4DE-557317D63FEB}"
EndProject
Project("{8BC9CEB8-8B4A-11D0-8D11-00A0C91BC942}") = "CVTE1", "CVTE1\CVTE1.vcxproj", "{C2F5CC26-80D7-4A87-A4AC-967115AE7E43}"
EndProject
Project("{8BC9CEB8-8B4A-11D0-8D11-00A0C91BC942}") = "网易", "网易\网易.vcxproj", "{ECA3C009-16C5-44B6-BF1A-DE43B0F6CC26}"
EndProject
Project("{8BC9CEB8-8B4A-11D0-8D11-00A0C91BC942}") = "腾讯模拟题", "腾讯模拟题\腾讯模拟题.vcxproj", "{06E30DB7-82C2-4056-8E37-6C67075E85E7}"
EndProject
Project("{8BC9CEB8-8B4A-11D0-8D11-00A0C91BC942}") = "360", "360\360.vcxproj", "{EDA9098B-E9B1-4C40-A344-4695E1C6767A}"
EndProject
Project("{8BC9CEB8-8B4A-11D0-8D11-00A0C91BC942}") = "完美1", "完美1\完美1.vcxproj", "{CFBEAC76-AA57-4360-9402-6F38F10D165C}"
EndProject
Project("{8BC9CEB8-8B4A-11D0-8D11-00A0C91BC942}") = "完美选择题", "完美选择题\完美选择题.vcxproj", "{964DEA53-B37F-4A6D-AB55-B3FB24B949A1}"
EndProject
Project("{8BC9CEB8-8B4A-11D0-8D11-00A0C91BC942}") = "京东第一题", "京东第一题\京东第一题.vcxproj", "{1ECF9ED4-1220-47EF-8D31-76127D08ED82}"
EndProject
Project("{8BC9CEB8-8B4A-11D0-8D11-00A0C91BC942}") = "微软第一题", "微软第一题\微软第一题.vcxproj", "{500DF1D3-0E91-4ED9-A60A-7AF9AE885C4D}"
EndProject
Project("{8BC9CEB8-8B4A-11D0-8D11-00A0C91BC942}") = "微软第二题", "微软第二题\微软第二题.vcxproj", "{E855BA14-9E60-4872-A7D7-3438E5651F1C}"
EndProject
Project("{8BC9CEB8-8B4A-11D0-8D11-00A0C91BC942}") = "微软第3题", "微软第3题\微软第3题.vcxproj", "{791AEA24-E809-4A2E-AE51-01FB7285DBE0}"
EndProject
Project("{8BC9CEB8-8B4A-11D0-8D11-00A0C91BC942}") = "携程1", "携程1\携程1.vcxproj", "{FFE40225-34EC-4EFB-BB51-A8C8C4ABA72F}"
EndProject
Project("{8BC9CEB8-8B4A-11D0-8D11-00A0C91BC942}") = "携程第2题", "携程第2题\携程第2题.vcxproj", "{06E97B88-A258-4E28-A061-1E83593B84B5}"
EndProject
Project("{8BC9CEB8-8B4A-11D0-8D11-00A0C91BC942}") = "paypal第一题", "paypal第一题\paypal第一题.vcxproj", "{722AF7B1-7409-4416-A343-EE15C8C2EBA3}"
EndProject
Project("{8BC9CEB8-8B4A-11D0-8D11-00A0C91BC942}") = "paypal第三题", "paypal第三题\paypal第三题.vcxproj", "{9993670B-0219-484B-9166-075905EA9491}"
EndProject
Project("{8BC9CEB8-8B4A-11D0-8D11-00A0C91BC942}") = "网易第二题", "网易第二题\网易第二题.vcxproj", "{C43F074C-DCB5-44AA-AE4B-C31981481CAE}"
EndProject
Project("{8BC9CEB8-8B4A-11D0-8D11-00A0C91BC942}") = "阿里笔试第一题", "阿里笔试第一题\阿里笔试第一题.vcxproj", "{1FE3AED8-0993-4D55-B12E-F194F09BC1DA}"
EndProject
Project("{8BC9CEB8-8B4A-11D0-8D11-00A0C91BC942}") = "tx校招第一题", "tx校招第一题\tx校招第一题.vcxproj", "{6EA9D74D-3EBD-4E9F-9C7F-8484312D4776}"
EndProject
Project("{8BC9CEB8-8B4A-11D0-8D11-00A0C91BC942}") = "hiho_nextmoment", "hiho_nextmoment\hiho_nextmoment.vcxproj", "{45E92B51-F80B-47A2-9291-4E8A2901E95A}"
EndProject
Project("{8BC9CEB8-8B4A-11D0-8D11-00A0C91BC942}") = "hiho回文子串的数量", "hiho回文子串的数量\hiho回文子串的数量.vcxproj", "{7CFB7837-E6B1-4C0A-9E91-127DD19A731C}"
EndProject
Project("{8BC9CEB8-8B4A-11D0-8D11-00A0C91BC942}") = "完美反序字符串", "完美反序字符串\完美反序字符串.vcxproj", "{8E0422C5-17AC-4300-A1F2-64F97E983473}"
EndProject
Project("{8BC9CEB8-8B4A-11D0-8D11-00A0C91BC942}") = "完美面试官数量", "完美面试官数量\完美面试官数量.vcxproj", "{8865C164-63EE-4A2E-86B5-D03C624455C9}"
EndProject
Global
	GlobalSection(SolutionConfigurationPlatforms) = preSolution
		Debug|x64 = Debug|x64
		Debug|x86 = Debug|x86
		Release|x64 = Release|x64
		Release|x86 = Release|x86
	EndGlobalSection
	GlobalSection(ProjectConfigurationPlatforms) = postSolution
		{691D5FF9-6E5F-4682-B7F8-E5AD46D83F46}.Debug|x64.ActiveCfg = Debug|x64
		{691D5FF9-6E5F-4682-B7F8-E5AD46D83F46}.Debug|x64.Build.0 = Debug|x64
		{691D5FF9-6E5F-4682-B7F8-E5AD46D83F46}.Debug|x86.ActiveCfg = Debug|Win32
		{691D5FF9-6E5F-4682-B7F8-E5AD46D83F46}.Debug|x86.Build.0 = Debug|Win32
		{691D5FF9-6E5F-4682-B7F8-E5AD46D83F46}.Release|x64.ActiveCfg = Release|x64
		{691D5FF9-6E5F-4682-B7F8-E5AD46D83F46}.Release|x64.Build.0 = Release|x64
		{691D5FF9-6E5F-4682-B7F8-E5AD46D83F46}.Release|x86.ActiveCfg = Release|Win32
		{691D5FF9-6E5F-4682-B7F8-E5AD46D83F46}.Release|x86.Build.0 = Release|Win32
		{7C0755B6-C6D7-448B-B52E-10F1A8EBFAD0}.Debug|x64.ActiveCfg = Debug|x64
		{7C0755B6-C6D7-448B-B52E-10F1A8EBFAD0}.Debug|x64.Build.0 = Debug|x64
		{7C0755B6-C6D7-448B-B52E-10F1A8EBFAD0}.Debug|x86.ActiveCfg = Debug|Win32
		{7C0755B6-C6D7-448B-B52E-10F1A8EBFAD0}.Debug|x86.Build.0 = Debug|Win32
		{7C0755B6-C6D7-448B-B52E-10F1A8EBFAD0}.Release|x64.ActiveCfg = Release|x64
		{7C0755B6-C6D7-448B-B52E-10F1A8EBFAD0}.Release|x64.Build.0 = Release|x64
		{7C0755B6-C6D7-448B-B52E-10F1A8EBFAD0}.Release|x86.ActiveCfg = Release|Win32
		{7C0755B6-C6D7-448B-B52E-10F1A8EBFAD0}.Release|x86.Build.0 = Release|Win32
		{519C8F89-AB99-4484-B4EF-BBBC205AA5E9}.Debug|x64.ActiveCfg = Debug|x64
		{519C8F89-AB99-4484-B4EF-BBBC205AA5E9}.Debug|x64.Build.0 = Debug|x64
		{519C8F89-AB99-4484-B4EF-BBBC205AA5E9}.Debug|x86.ActiveCfg = Debug|Win32
		{519C8F89-AB99-4484-B4EF-BBBC205AA5E9}.Debug|x86.Build.0 = Debug|Win32
		{519C8F89-AB99-4484-B4EF-BBBC205AA5E9}.Release|x64.ActiveCfg = Release|x64
		{519C8F89-AB99-4484-B4EF-BBBC205AA5E9}.Release|x64.Build.0 = Release|x64
		{519C8F89-AB99-4484-B4EF-BBBC205AA5E9}.Release|x86.ActiveCfg = Release|Win32
		{519C8F89-AB99-4484-B4EF-BBBC205AA5E9}.Release|x86.Build.0 = Release|Win32
		{A490F3CF-378B-4E4B-BC83-6B0E4F2769D6}.Debug|x64.ActiveCfg = Debug|x64
		{A490F3CF-378B-4E4B-BC83-6B0E4F2769D6}.Debug|x64.Build.0 = Debug|x64
		{A490F3CF-378B-4E4B-BC83-6B0E4F2769D6}.Debug|x86.ActiveCfg = Debug|Win32
		{A490F3CF-378B-4E4B-BC83-6B0E4F2769D6}.Debug|x86.Build.0 = Debug|Win32
		{A490F3CF-378B-4E4B-BC83-6B0E4F2769D6}.Release|x64.ActiveCfg = Release|x64
		{A490F3CF-378B-4E4B-BC83-6B0E4F2769D6}.Release|x64.Build.0 = Release|x64
		{A490F3CF-378B-4E4B-BC83-6B0E4F2769D6}.Release|x86.ActiveCfg = Release|Win32
		{A490F3CF-378B-4E4B-BC83-6B0E4F2769D6}.Release|x86.Build.0 = Release|Win32
		{8426EFC4-6DF1-43BC-96AF-B612CC3A0430}.Debug|x64.ActiveCfg = Debug|x64
		{8426EFC4-6DF1-43BC-96AF-B612CC3A0430}.Debug|x64.Build.0 = Debug|x64
		{8426EFC4-6DF1-43BC-96AF-B612CC3A0430}.Debug|x86.ActiveCfg = Debug|Win32
		{8426EFC4-6DF1-43BC-96AF-B612CC3A0430}.Debug|x86.Build.0 = Debug|Win32
		{8426EFC4-6DF1-43BC-96AF-B612CC3A0430}.Release|x64.ActiveCfg = Release|x64
		{8426EFC4-6DF1-43BC-96AF-B612CC3A0430}.Release|x64.Build.0 = Release|x64
		{8426EFC4-6DF1-43BC-96AF-B612CC3A0430}.Release|x86.ActiveCfg = Release|Win32
		{8426EFC4-6DF1-43BC-96AF-B612CC3A0430}.Release|x86.Build.0 = Release|Win32
		{F453890C-CB52-4399-AFC0-B0C8D8A87541}.Debug|x64.ActiveCfg = Debug|x64
		{F453890C-CB52-4399-AFC0-B0C8D8A87541}.Debug|x64.Build.0 = Debug|x64
		{F453890C-CB52-4399-AFC0-B0C8D8A87541}.Debug|x86.ActiveCfg = Debug|Win32
		{F453890C-CB52-4399-AFC0-B0C8D8A87541}.Debug|x86.Build.0 = Debug|Win32
		{F453890C-CB52-4399-AFC0-B0C8D8A87541}.Release|x64.ActiveCfg = Release|x64
		{F453890C-CB52-4399-AFC0-B0C8D8A87541}.Release|x64.Build.0 = Release|x64
		{F453890C-CB52-4399-AFC0-B0C8D8A87541}.Release|x86.ActiveCfg = Release|Win32
		{F453890C-CB52-4399-AFC0-B0C8D8A87541}.Release|x86.Build.0 = Release|Win32
		{3AE466F5-4CA6-445C-B4DE-557317D63FEB}.Debug|x64.ActiveCfg = Debug|x64
		{3AE466F5-4CA6-445C-B4DE-557317D63FEB}.Debug|x64.Build.0 = Debug|x64
		{3AE466F5-4CA6-445C-B4DE-557317D63FEB}.Debug|x86.ActiveCfg = Debug|Win32
		{3AE466F5-4CA6-445C-B4DE-557317D63FEB}.Debug|x86.Build.0 = Debug|Win32
		{3AE466F5-4CA6-445C-B4DE-557317D63FEB}.Release|x64.ActiveCfg = Release|x64
		{3AE466F5-4CA6-445C-B4DE-557317D63FEB}.Release|x64.Build.0 = Release|x64
		{3AE466F5-4CA6-445C-B4DE-557317D63FEB}.Release|x86.ActiveCfg = Release|Win32
		{3AE466F5-4CA6-445C-B4DE-557317D63FEB}.Release|x86.Build.0 = Release|Win32
		{C2F5CC26-80D7-4A87-A4AC-967115AE7E43}.Debug|x64.ActiveCfg = Debug|x64
		{C2F5CC26-80D7-4A87-A4AC-967115AE7E43}.Debug|x64.Build.0 = Debug|x64
		{C2F5CC26-80D7-4A87-A4AC-967115AE7E43}.Debug|x86.ActiveCfg = Debug|Win32
		{C2F5CC26-80D7-4A87-A4AC-967115AE7E43}.Debug|x86.Build.0 = Debug|Win32
		{C2F5CC26-80D7-4A87-A4AC-967115AE7E43}.Release|x64.ActiveCfg = Release|x64
		{C2F5CC26-80D7-4A87-A4AC-967115AE7E43}.Release|x64.Build.0 = Release|x64
		{C2F5CC26-80D7-4A87-A4AC-967115AE7E43}.Release|x86.ActiveCfg = Release|Win32
		{C2F5CC26-80D7-4A87-A4AC-967115AE7E43}.Release|x86.Build.0 = Release|Win32
		{ECA3C009-16C5-44B6-BF1A-DE43B0F6CC26}.Debug|x64.ActiveCfg = Debug|x64
		{ECA3C009-16C5-44B6-BF1A-DE43B0F6CC26}.Debug|x64.Build.0 = Debug|x64
		{ECA3C009-16C5-44B6-BF1A-DE43B0F6CC26}.Debug|x86.ActiveCfg = Debug|Win32
		{ECA3C009-16C5-44B6-BF1A-DE43B0F6CC26}.Debug|x86.Build.0 = Debug|Win32
		{ECA3C009-16C5-44B6-BF1A-DE43B0F6CC26}.Release|x64.ActiveCfg = Release|x64
		{ECA3C009-16C5-44B6-BF1A-DE43B0F6CC26}.Release|x64.Build.0 = Release|x64
		{ECA3C009-16C5-44B6-BF1A-DE43B0F6CC26}.Release|x86.ActiveCfg = Release|Win32
		{ECA3C009-16C5-44B6-BF1A-DE43B0F6CC26}.Release|x86.Build.0 = Release|Win32
		{06E30DB7-82C2-4056-8E37-6C67075E85E7}.Debug|x64.ActiveCfg = Debug|x64
		{06E30DB7-82C2-4056-8E37-6C67075E85E7}.Debug|x64.Build.0 = Debug|x64
		{06E30DB7-82C2-4056-8E37-6C67075E85E7}.Debug|x86.ActiveCfg = Debug|Win32
		{06E30DB7-82C2-4056-8E37-6C67075E85E7}.Debug|x86.Build.0 = Debug|Win32
		{06E30DB7-82C2-4056-8E37-6C67075E85E7}.Release|x64.ActiveCfg = Release|x64
		{06E30DB7-82C2-4056-8E37-6C67075E85E7}.Release|x64.Build.0 = Release|x64
		{06E30DB7-82C2-4056-8E37-6C67075E85E7}.Release|x86.ActiveCfg = Release|Win32
		{06E30DB7-82C2-4056-8E37-6C67075E85E7}.Release|x86.Build.0 = Release|Win32
		{EDA9098B-E9B1-4C40-A344-4695E1C6767A}.Debug|x64.ActiveCfg = Debug|x64
		{EDA9098B-E9B1-4C40-A344-4695E1C6767A}.Debug|x64.Build.0 = Debug|x64
		{EDA9098B-E9B1-4C40-A344-4695E1C6767A}.Debug|x86.ActiveCfg = Debug|Win32
		{EDA9098B-E9B1-4C40-A344-4695E1C6767A}.Debug|x86.Build.0 = Debug|Win32
		{EDA9098B-E9B1-4C40-A344-4695E1C6767A}.Release|x64.ActiveCfg = Release|x64
		{EDA9098B-E9B1-4C40-A344-4695E1C6767A}.Release|x64.Build.0 = Release|x64
		{EDA9098B-E9B1-4C40-A344-4695E1C6767A}.Release|x86.ActiveCfg = Release|Win32
		{EDA9098B-E9B1-4C40-A344-4695E1C6767A}.Release|x86.Build.0 = Release|Win32
		{CFBEAC76-AA57-4360-9402-6F38F10D165C}.Debug|x64.ActiveCfg = Debug|x64
		{CFBEAC76-AA57-4360-9402-6F38F10D165C}.Debug|x64.Build.0 = Debug|x64
		{CFBEAC76-AA57-4360-9402-6F38F10D165C}.Debug|x86.ActiveCfg = Debug|Win32
		{CFBEAC76-AA57-4360-9402-6F38F10D165C}.Debug|x86.Build.0 = Debug|Win32
		{CFBEAC76-AA57-4360-9402-6F38F10D165C}.Release|x64.ActiveCfg = Release|x64
		{CFBEAC76-AA57-4360-9402-6F38F10D165C}.Release|x64.Build.0 = Release|x64
		{CFBEAC76-AA57-4360-9402-6F38F10D165C}.Release|x86.ActiveCfg = Release|Win32
		{CFBEAC76-AA57-4360-9402-6F38F10D165C}.Release|x86.Build.0 = Release|Win32
		{964DEA53-B37F-4A6D-AB55-B3FB24B949A1}.Debug|x64.ActiveCfg = Debug|x64
		{964DEA53-B37F-4A6D-AB55-B3FB24B949A1}.Debug|x64.Build.0 = Debug|x64
		{964DEA53-B37F-4A6D-AB55-B3FB24B949A1}.Debug|x86.ActiveCfg = Debug|Win32
		{964DEA53-B37F-4A6D-AB55-B3FB24B949A1}.Debug|x86.Build.0 = Debug|Win32
		{964DEA53-B37F-4A6D-AB55-B3FB24B949A1}.Release|x64.ActiveCfg = Release|x64
		{964DEA53-B37F-4A6D-AB55-B3FB24B949A1}.Release|x64.Build.0 = Release|x64
		{964DEA53-B37F-4A6D-AB55-B3FB24B949A1}.Release|x86.ActiveCfg = Release|Win32
		{964DEA53-B37F-4A6D-AB55-B3FB24B949A1}.Release|x86.Build.0 = Release|Win32
		{1ECF9ED4-1220-47EF-8D31-76127D08ED82}.Debug|x64.ActiveCfg = Debug|x64
		{1ECF9ED4-1220-47EF-8D31-76127D08ED82}.Debug|x64.Build.0 = Debug|x64
		{1ECF9ED4-1220-47EF-8D31-76127D08ED82}.Debug|x86.ActiveCfg = Debug|Win32
		{1ECF9ED4-1220-47EF-8D31-76127D08ED82}.Debug|x86.Build.0 = Debug|Win32
		{1ECF9ED4-1220-47EF-8D31-76127D08ED82}.Release|x64.ActiveCfg = Release|x64
		{1ECF9ED4-1220-47EF-8D31-76127D08ED82}.Release|x64.Build.0 = Release|x64
		{1ECF9ED4-1220-47EF-8D31-76127D08ED82}.Release|x86.ActiveCfg = Release|Win32
		{1ECF9ED4-1220-47EF-8D31-76127D08ED82}.Release|x86.Build.0 = Release|Win32
		{500DF1D3-0E91-4ED9-A60A-7AF9AE885C4D}.Debug|x64.ActiveCfg = Debug|x64
		{500DF1D3-0E91-4ED9-A60A-7AF9AE885C4D}.Debug|x64.Build.0 = Debug|x64
		{500DF1D3-0E91-4ED9-A60A-7AF9AE885C4D}.Debug|x86.ActiveCfg = Debug|Win32
		{500DF1D3-0E91-4ED9-A60A-7AF9AE885C4D}.Debug|x86.Build.0 = Debug|Win32
		{500DF1D3-0E91-4ED9-A60A-7AF9AE885C4D}.Release|x64.ActiveCfg = Release|x64
		{500DF1D3-0E91-4ED9-A60A-7AF9AE885C4D}.Release|x64.Build.0 = Release|x64
		{500DF1D3-0E91-4ED9-A60A-7AF9AE885C4D}.Release|x86.ActiveCfg = Release|Win32
		{500DF1D3-0E91-4ED9-A60A-7AF9AE885C4D}.Release|x86.Build.0 = Release|Win32
		{E855BA14-9E60-4872-A7D7-3438E5651F1C}.Debug|x64.ActiveCfg = Debug|x64
		{E855BA14-9E60-4872-A7D7-3438E5651F1C}.Debug|x64.Build.0 = Debug|x64
		{E855BA14-9E60-4872-A7D7-3438E5651F1C}.Debug|x86.ActiveCfg = Debug|Win32
		{E855BA14-9E60-4872-A7D7-3438E5651F1C}.Debug|x86.Build.0 = Debug|Win32
		{E855BA14-9E60-4872-A7D7-3438E5651F1C}.Release|x64.ActiveCfg = Release|x64
		{E855BA14-9E60-4872-A7D7-3438E5651F1C}.Release|x64.Build.0 = Release|x64
		{E855BA14-9E60-4872-A7D7-3438E5651F1C}.Release|x86.ActiveCfg = Release|Win32
		{E855BA14-9E60-4872-A7D7-3438E5651F1C}.Release|x86.Build.0 = Release|Win32
		{791AEA24-E809-4A2E-AE51-01FB7285DBE0}.Debug|x64.ActiveCfg = Debug|x64
		{791AEA24-E809-4A2E-AE51-01FB7285DBE0}.Debug|x64.Build.0 = Debug|x64
		{791AEA24-E809-4A2E-AE51-01FB7285DBE0}.Debug|x86.ActiveCfg = Debug|Win32
		{791AEA24-E809-4A2E-AE51-01FB7285DBE0}.Debug|x86.Build.0 = Debug|Win32
		{791AEA24-E809-4A2E-AE51-01FB7285DBE0}.Release|x64.ActiveCfg = Release|x64
		{791AEA24-E809-4A2E-AE51-01FB7285DBE0}.Release|x64.Build.0 = Release|x64
		{791AEA24-E809-4A2E-AE51-01FB7285DBE0}.Release|x86.ActiveCfg = Release|Win32
		{791AEA24-E809-4A2E-AE51-01FB7285DBE0}.Release|x86.Build.0 = Release|Win32
		{FFE40225-34EC-4EFB-BB51-A8C8C4ABA72F}.Debug|x64.ActiveCfg = Debug|x64
		{FFE40225-34EC-4EFB-BB51-A8C8C4ABA72F}.Debug|x64.Build.0 = Debug|x64
		{FFE40225-34EC-4EFB-BB51-A8C8C4ABA72F}.Debug|x86.ActiveCfg = Debug|Win32
		{FFE40225-34EC-4EFB-BB51-A8C8C4ABA72F}.Debug|x86.Build.0 = Debug|Win32
		{FFE40225-34EC-4EFB-BB51-A8C8C4ABA72F}.Release|x64.ActiveCfg = Release|x64
		{FFE40225-34EC-4EFB-BB51-A8C8C4ABA72F}.Release|x64.Build.0 = Release|x64
		{FFE40225-34EC-4EFB-BB51-A8C8C4ABA72F}.Release|x86.ActiveCfg = Release|Win32
		{FFE40225-34EC-4EFB-BB51-A8C8C4ABA72F}.Release|x86.Build.0 = Release|Win32
		{06E97B88-A258-4E28-A061-1E83593B84B5}.Debug|x64.ActiveCfg = Debug|x64
		{06E97B88-A258-4E28-A061-1E83593B84B5}.Debug|x64.Build.0 = Debug|x64
		{06E97B88-A258-4E28-A061-1E83593B84B5}.Debug|x86.ActiveCfg = Debug|Win32
		{06E97B88-A258-4E28-A061-1E83593B84B5}.Debug|x86.Build.0 = Debug|Win32
		{06E97B88-A258-4E28-A061-1E83593B84B5}.Release|x64.ActiveCfg = Release|x64
		{06E97B88-A258-4E28-A061-1E83593B84B5}.Release|x64.Build.0 = Release|x64
		{06E97B88-A258-4E28-A061-1E83593B84B5}.Release|x86.ActiveCfg = Release|Win32
		{06E97B88-A258-4E28-A061-1E83593B84B5}.Release|x86.Build.0 = Release|Win32
		{722AF7B1-7409-4416-A343-EE15C8C2EBA3}.Debug|x64.ActiveCfg = Debug|x64
		{722AF7B1-7409-4416-A343-EE15C8C2EBA3}.Debug|x64.Build.0 = Debug|x64
		{722AF7B1-7409-4416-A343-EE15C8C2EBA3}.Debug|x86.ActiveCfg = Debug|Win32
		{722AF7B1-7409-4416-A343-EE15C8C2EBA3}.Debug|x86.Build.0 = Debug|Win32
		{722AF7B1-7409-4416-A343-EE15C8C2EBA3}.Release|x64.ActiveCfg = Release|x64
		{722AF7B1-7409-4416-A343-EE15C8C2EBA3}.Release|x64.Build.0 = Release|x64
		{722AF7B1-7409-4416-A343-EE15C8C2EBA3}.Release|x86.ActiveCfg = Release|Win32
		{722AF7B1-7409-4416-A343-EE15C8C2EBA3}.Release|x86.Build.0 = Release|Win32
		{9993670B-0219-484B-9166-075905EA9491}.Debug|x64.ActiveCfg = Debug|x64
		{9993670B-0219-484B-9166-075905EA9491}.Debug|x64.Build.0 = Debug|x64
		{9993670B-0219-484B-9166-075905EA9491}.Debug|x86.ActiveCfg = Debug|Win32
		{9993670B-0219-484B-9166-075905EA9491}.Debug|x86.Build.0 = Debug|Win32
		{9993670B-0219-484B-9166-075905EA9491}.Release|x64.ActiveCfg = Release|x64
		{9993670B-0219-484B-9166-075905EA9491}.Release|x64.Build.0 = Release|x64
		{9993670B-0219-484B-9166-075905EA9491}.Release|x86.ActiveCfg = Release|Win32
		{9993670B-0219-484B-9166-075905EA9491}.Release|x86.Build.0 = Release|Win32
		{C43F074C-DCB5-44AA-AE4B-C31981481CAE}.Debug|x64.ActiveCfg = Debug|x64
		{C43F074C-DCB5-44AA-AE4B-C31981481CAE}.Debug|x64.Build.0 = Debug|x64
		{C43F074C-DCB5-44AA-AE4B-C31981481CAE}.Debug|x86.ActiveCfg = Debug|Win32
		{C43F074C-DCB5-44AA-AE4B-C31981481CAE}.Debug|x86.Build.0 = Debug|Win32
		{C43F074C-DCB5-44AA-AE4B-C31981481CAE}.Release|x64.ActiveCfg = Release|x64
		{C43F074C-DCB5-44AA-AE4B-C31981481CAE}.Release|x64.Build.0 = Release|x64
		{C43F074C-DCB5-44AA-AE4B-C31981481CAE}.Release|x86.ActiveCfg = Release|Win32
		{C43F074C-DCB5-44AA-AE4B-C31981481CAE}.Release|x86.Build.0 = Release|Win32
		{1FE3AED8-0993-4D55-B12E-F194F09BC1DA}.Debug|x64.ActiveCfg = Debug|x64
		{1FE3AED8-0993-4D55-B12E-F194F09BC1DA}.Debug|x64.Build.0 = Debug|x64
		{1FE3AED8-0993-4D55-B12E-F194F09BC1DA}.Debug|x86.ActiveCfg = Debug|Win32
		{1FE3AED8-0993-4D55-B12E-F194F09BC1DA}.Debug|x86.Build.0 = Debug|Win32
		{1FE3AED8-0993-4D55-B12E-F194F09BC1DA}.Release|x64.ActiveCfg = Release|x64
		{1FE3AED8-0993-4D55-B12E-F194F09BC1DA}.Release|x64.Build.0 = Release|x64
		{1FE3AED8-0993-4D55-B12E-F194F09BC1DA}.Release|x86.ActiveCfg = Release|Win32
		{1FE3AED8-0993-4D55-B12E-F194F09BC1DA}.Release|x86.Build.0 = Release|Win32
		{6EA9D74D-3EBD-4E9F-9C7F-8484312D4776}.Debug|x64.ActiveCfg = Debug|x64
		{6EA9D74D-3EBD-4E9F-9C7F-8484312D4776}.Debug|x64.Build.0 = Debug|x64
		{6EA9D74D-3EBD-4E9F-9C7F-8484312D4776}.Debug|x86.ActiveCfg = Debug|Win32
		{6EA9D74D-3EBD-4E9F-9C7F-8484312D4776}.Debug|x86.Build.0 = Debug|Win32
		{6EA9D74D-3EBD-4E9F-9C7F-8484312D4776}.Release|x64.ActiveCfg = Release|x64
		{6EA9D74D-3EBD-4E9F-9C7F-8484312D4776}.Release|x64.Build.0 = Release|x64
		{6EA9D74D-3EBD-4E9F-9C7F-8484312D4776}.Release|x86.ActiveCfg = Release|Win32
		{6EA9D74D-3EBD-4E9F-9C7F-8484312D4776}.Release|x86.Build.0 = Release|Win32
		{45E92B51-F80B-47A2-9291-4E8A2901E95A}.Debug|x64.ActiveCfg = Debug|x64
		{45E92B51-F80B-47A2-9291-4E8A2901E95A}.Debug|x64.Build.0 = Debug|x64
		{45E92B51-F80B-47A2-9291-4E8A2901E95A}.Debug|x86.ActiveCfg = Debug|Win32
		{45E92B51-F80B-47A2-9291-4E8A2901E95A}.Debug|x86.Build.0 = Debug|Win32
		{45E92B51-F80B-47A2-9291-4E8A2901E95A}.Release|x64.ActiveCfg = Release|x64
		{45E92B51-F80B-47A2-9291-4E8A2901E95A}.Release|x64.Build.0 = Release|x64
		{45E92B51-F80B-47A2-9291-4E8A2901E95A}.Release|x86.ActiveCfg = Release|Win32
		{45E92B51-F80B-47A2-9291-4E8A2901E95A}.Release|x86.Build.0 = Release|Win32
		{7CFB7837-E6B1-4C0A-9E91-127DD19A731C}.Debug|x64.ActiveCfg = Debug|x64
		{7CFB7837-E6B1-4C0A-9E91-127DD19A731C}.Debug|x64.Build.0 = Debug|x64
		{7CFB7837-E6B1-4C0A-9E91-127DD19A731C}.Debug|x86.ActiveCfg = Debug|Win32
		{7CFB7837-E6B1-4C0A-9E91-127DD19A731C}.Debug|x86.Build.0 = Debug|Win32
		{7CFB7837-E6B1-4C0A-9E91-127DD19A731C}.Release|x64.ActiveCfg = Release|x64
		{7CFB7837-E6B1-4C0A-9E91-127DD19A731C}.Release|x64.Build.0 = Release|x64
		{7CFB7837-E6B1-4C0A-9E91-127DD19A731C}.Release|x86.ActiveCfg = Release|Win32
		{7CFB7837-E6B1-4C0A-9E91-127DD19A731C}.Release|x86.Build.0 = Release|Win32
		{8E0422C5-17AC-4300-A1F2-64F97E983473}.Debug|x64.ActiveCfg = Debug|x64
		{8E0422C5-17AC-4300-A1F2-64F97E983473}.Debug|x64.Build.0 = Debug|x64
		{8E0422C5-17AC-4300-A1F2-64F97E983473}.Debug|x86.ActiveCfg = Debug|Win32
		{8E0422C5-17AC-4300-A1F2-64F97E983473}.Debug|x86.Build.0 = Debug|Win32
		{8E0422C5-17AC-4300-A1F2-64F97E983473}.Release|x64.ActiveCfg = Release|x64
		{8E0422C5-17AC-4300-A1F2-64F97E983473}.Release|x64.Build.0 = Release|x64
		{8E0422C5-17AC-4300-A1F2-64F97E983473}.Release|x86.ActiveCfg = Release|Win32
		{8E0422C5-17AC-4300-A1F2-64F97E983473}.Release|x86.Build.0 = Release|Win32
		{8865C164-63EE-4A2E-86B5-D03C624455C9}.Debug|x64.ActiveCfg = Debug|x64
		{8865C164-63EE-4A2E-86B5-D03C624455C9}.Debug|x64.Build.0 = Debug|x64
		{8865C164-63EE-4A2E-86B5-D03C624455C9}.Debug|x86.ActiveCfg = Debug|Win32
		{8865C164-63EE-4A2E-86B5-D03C624455C9}.Debug|x86.Build.0 = Debug|Win32
		{8865C164-63EE-4A2E-86B5-D03C624455C9}.Release|x64.ActiveCfg = Release|x64
		{8865C164-63EE-4A2E-86B5-D03C624455C9}.Release|x64.Build.0 = Release|x64
		{8865C164-63EE-4A2E-86B5-D03C624455C9}.Release|x86.ActiveCfg = Release|Win32
		{8865C164-63EE-4A2E-86B5-D03C624455C9}.Release|x86.Build.0 = Release|Win32
	EndGlobalSection
	GlobalSection(SolutionProperties) = preSolution
		HideSolutionNode = FALSE
	EndGlobalSection
EndGlobal
